// !$*UTF8*$!
{
	archiveVersion = 1;
	classes = {
	};
	objectVersion = 46;
	objects = {

/* Begin PBXBuildFile section */
		B3D3B9DD1A8C390F0047307E /* AppDelegate.swift in Sources */ = {isa = PBXBuildFile; fileRef = B3D3B9DC1A8C390F0047307E /* AppDelegate.swift */; };
		B3D3B9DF1A8C390F0047307E /* HomeViewController.swift in Sources */ = {isa = PBXBuildFile; fileRef = B3D3B9DE1A8C390F0047307E /* HomeViewController.swift */; };
		B3D3B9E21A8C390F0047307E /* Main.storyboard in Resources */ = {isa = PBXBuildFile; fileRef = B3D3B9E01A8C390F0047307E /* Main.storyboard */; };
		B3D3B9E41A8C390F0047307E /* Images.xcassets in Resources */ = {isa = PBXBuildFile; fileRef = B3D3B9E31A8C390F0047307E /* Images.xcassets */; };
		B3D3B9E71A8C390F0047307E /* LaunchScreen.xib in Resources */ = {isa = PBXBuildFile; fileRef = B3D3B9E51A8C390F0047307E /* LaunchScreen.xib */; };
		B3D3B9F31A8C39100047307E /* SommTests.swift in Sources */ = {isa = PBXBuildFile; fileRef = B3D3B9F21A8C39100047307E /* SommTests.swift */; };
		B3FA92C31A9B881600F47CD8 /* LoginViewController.swift in Sources */ = {isa = PBXBuildFile; fileRef = B3FA92C21A9B881600F47CD8 /* LoginViewController.swift */; };
		B3FA92C51A9B88F000F47CD8 /* SignupViewController.swift in Sources */ = {isa = PBXBuildFile; fileRef = B3FA92C41A9B88F000F47CD8 /* SignupViewController.swift */; };
/* End PBXBuildFile section */

/* Begin PBXContainerItemProxy section */
		B3D3B9ED1A8C39100047307E /* PBXContainerItemProxy */ = {
			isa = PBXContainerItemProxy;
			containerPortal = B3D3B9CF1A8C390F0047307E /* Project object */;
			proxyType = 1;
			remoteGlobalIDString = B3D3B9D61A8C390F0047307E;
			remoteInfo = Somm;
		};
/* End PBXContainerItemProxy section */

/* Begin PBXFileReference section */
		B3D3B9D71A8C390F0047307E /* Somm.app */ = {isa = PBXFileReference; explicitFileType = wrapper.application; includeInIndex = 0; path = Somm.app; sourceTree = BUILT_PRODUCTS_DIR; };
		B3D3B9DB1A8C390F0047307E /* Info.plist */ = {isa = PBXFileReference; lastKnownFileType = text.plist.xml; path = Info.plist; sourceTree = "<group>"; };
		B3D3B9DC1A8C390F0047307E /* AppDelegate.swift */ = {isa = PBXFileReference; lastKnownFileType = sourcecode.swift; path = AppDelegate.swift; sourceTree = "<group>"; };
		B3D3B9DE1A8C390F0047307E /* HomeViewController.swift */ = {isa = PBXFileReference; lastKnownFileType = sourcecode.swift; path = HomeViewController.swift; sourceTree = "<group>"; };
		B3D3B9E11A8C390F0047307E /* Base */ = {isa = PBXFileReference; lastKnownFileType = file.storyboard; name = Base; path = Base.lproj/Main.storyboard; sourceTree = "<group>"; };
		B3D3B9E31A8C390F0047307E /* Images.xcassets */ = {isa = PBXFileReference; lastKnownFileType = folder.assetcatalog; path = Images.xcassets; sourceTree = "<group>"; };
		B3D3B9E61A8C390F0047307E /* Base */ = {isa = PBXFileReference; lastKnownFileType = file.xib; name = Base; path = Base.lproj/LaunchScreen.xib; sourceTree = "<group>"; };
		B3D3B9EC1A8C39100047307E /* SommTests.xctest */ = {isa = PBXFileReference; explicitFileType = wrapper.cfbundle; includeInIndex = 0; path = SommTests.xctest; sourceTree = BUILT_PRODUCTS_DIR; };
		B3D3B9F11A8C39100047307E /* Info.plist */ = {isa = PBXFileReference; lastKnownFileType = text.plist.xml; path = Info.plist; sourceTree = "<group>"; };
		B3D3B9F21A8C39100047307E /* SommTests.swift */ = {isa = PBXFileReference; lastKnownFileType = sourcecode.swift; path = SommTests.swift; sourceTree = "<group>"; };
		B3FA92C21A9B881600F47CD8 /* LoginViewController.swift */ = {isa = PBXFileReference; fileEncoding = 4; lastKnownFileType = sourcecode.swift; path = LoginViewController.swift; sourceTree = "<group>"; };
		B3FA92C41A9B88F000F47CD8 /* SignupViewController.swift */ = {isa = PBXFileReference; fileEncoding = 4; lastKnownFileType = sourcecode.swift; path = SignupViewController.swift; sourceTree = "<group>"; };
/* End PBXFileReference section */

/* Begin PBXFrameworksBuildPhase section */
		B3D3B9D41A8C390F0047307E /* Frameworks */ = {
			isa = PBXFrameworksBuildPhase;
			buildActionMask = 2147483647;
			files = (
			);
			runOnlyForDeploymentPostprocessing = 0;
		};
		B3D3B9E91A8C39100047307E /* Frameworks */ = {
			isa = PBXFrameworksBuildPhase;
			buildActionMask = 2147483647;
			files = (
			);
			runOnlyForDeploymentPostprocessing = 0;
		};
/* End PBXFrameworksBuildPhase section */

/* Begin PBXGroup section */
		B3D3B9CE1A8C390F0047307E = {
			isa = PBXGroup;
			children = (
				B3D3B9D91A8C390F0047307E /* Somm */,
				B3D3B9EF1A8C39100047307E /* SommTests */,
				B3D3B9D81A8C390F0047307E /* Products */,
			);
			sourceTree = "<group>";
		};
		B3D3B9D81A8C390F0047307E /* Products */ = {
			isa = PBXGroup;
			children = (
				B3D3B9D71A8C390F0047307E /* Somm.app */,
				B3D3B9EC1A8C39100047307E /* SommTests.xctest */,
			);
			name = Products;
			sourceTree = "<group>";
		};
		B3D3B9D91A8C390F0047307E /* Somm */ = {
			isa = PBXGroup;
			children = (
				B3D3B9DC1A8C390F0047307E /* AppDelegate.swift */,
				B3D3B9DE1A8C390F0047307E /* HomeViewController.swift */,
				B3FA92C21A9B881600F47CD8 /* LoginViewController.swift */,
				B3FA92C41A9B88F000F47CD8 /* SignupViewController.swift */,
				B3D3B9E01A8C390F0047307E /* Main.storyboard */,
				B3D3B9E31A8C390F0047307E /* Images.xcassets */,
				B3D3B9E51A8C390F0047307E /* LaunchScreen.xib */,
				B3D3B9DA1A8C390F0047307E /* Supporting Files */,
			);
			path = Somm;
			sourceTree = "<group>";
		};
		B3D3B9DA1A8C390F0047307E /* Supporting Files */ = {
			isa = PBXGroup;
			children = (
				B3D3B9DB1A8C390F0047307E /* Info.plist */,
			);
			name = "Supporting Files";
			sourceTree = "<group>";
		};
		B3D3B9EF1A8C39100047307E /* SommTests */ = {
			isa = PBXGroup;
			children = (
				B3D3B9F21A8C39100047307E /* SommTests.swift */,
				B3D3B9F01A8C39100047307E /* Supporting Files */,
			);
			path = SommTests;
			sourceTree = "<group>";
		};
		B3D3B9F01A8C39100047307E /* Supporting Files */ = {
			isa = PBXGroup;
			children = (
				B3D3B9F11A8C39100047307E /* Info.plist */,
			);
			name = "Supporting Files";
			sourceTree = "<group>";
		};
/* End PBXGroup section */

/* Begin PBXNativeTarget section */
		B3D3B9D61A8C390F0047307E /* Somm */ = {
			isa = PBXNativeTarget;
			buildConfigurationList = B3D3B9F61A8C39100047307E /* Build configuration list for PBXNativeTarget "Somm" */;
			buildPhases = (
				B3D3B9D31A8C390F0047307E /* Sources */,
				B3D3B9D41A8C390F0047307E /* Frameworks */,
				B3D3B9D51A8C390F0047307E /* Resources */,
			);
			buildRules = (
			);
			dependencies = (
			);
			name = Somm;
			productName = Somm;
			productReference = B3D3B9D71A8C390F0047307E /* Somm.app */;
			productType = "com.apple.product-type.application";
		};
		B3D3B9EB1A8C39100047307E /* SommTests */ = {
			isa = PBXNativeTarget;
			buildConfigurationList = B3D3B9F91A8C39100047307E /* Build configuration list for PBXNativeTarget "SommTests" */;
			buildPhases = (
				B3D3B9E81A8C39100047307E /* Sources */,
				B3D3B9E91A8C39100047307E /* Frameworks */,
				B3D3B9EA1A8C39100047307E /* Resources */,
			);
			buildRules = (
			);
			dependencies = (
				B3D3B9EE1A8C39100047307E /* PBXTargetDependency */,
			);
			name = SommTests;
			productName = SommTests;
			productReference = B3D3B9EC1A8C39100047307E /* SommTests.xctest */;
			productType = "com.apple.product-type.bundle.unit-test";
		};
/* End PBXNativeTarget section */

/* Begin PBXProject section */
		B3D3B9CF1A8C390F0047307E /* Project object */ = {
			isa = PBXProject;
			attributes = {
				LastUpgradeCheck = 0610;
				ORGANIZATIONNAME = Somm;
				TargetAttributes = {
					B3D3B9D61A8C390F0047307E = {
						CreatedOnToolsVersion = 6.1.1;
					};
					B3D3B9EB1A8C39100047307E = {
						CreatedOnToolsVersion = 6.1.1;
						TestTargetID = B3D3B9D61A8C390F0047307E;
					};
				};
			};
			buildConfigurationList = B3D3B9D21A8C390F0047307E /* Build configuration list for PBXProject "Somm" */;
			compatibilityVersion = "Xcode 3.2";
			developmentRegion = English;
			hasScannedForEncodings = 0;
			knownRegions = (
				en,
				Base,
			);
			mainGroup = B3D3B9CE1A8C390F0047307E;
			productRefGroup = B3D3B9D81A8C390F0047307E /* Products */;
			projectDirPath = "";
			projectRoot = "";
			targets = (
				B3D3B9D61A8C390F0047307E /* Somm */,
				B3D3B9EB1A8C39100047307E /* SommTests */,
			);
		};
/* End PBXProject section */

/* Begin PBXResourcesBuildPhase section */
		B3D3B9D51A8C390F0047307E /* Resources */ = {
			isa = PBXResourcesBuildPhase;
			buildActionMask = 2147483647;
			files = (
				B3D3B9E21A8C390F0047307E /* Main.storyboard in Resources */,
				B3D3B9E71A8C390F0047307E /* LaunchScreen.xib in Resources */,
				B3D3B9E41A8C390F0047307E /* Images.xcassets in Resources */,
			);
			runOnlyForDeploymentPostprocessing = 0;
		};
		B3D3B9EA1A8C39100047307E /* Resources */ = {
			isa = PBXResourcesBuildPhase;
			buildActionMask = 2147483647;
			files = (
			);
			runOnlyForDeploymentPostprocessing = 0;
		};
/* End PBXResourcesBuildPhase section */

/* Begin PBXSourcesBuildPhase section */
		B3D3B9D31A8C390F0047307E /* Sources */ = {
			isa = PBXSourcesBuildPhase;
			buildActionMask = 2147483647;
			files = (
				B3FA92C31A9B881600F47CD8 /* LoginViewController.swift in Sources */,
				B3D3B9DF1A8C390F0047307E /* HomeViewController.swift in Sources */,
				B3FA92C51A9B88F000F47CD8 /* SignupViewController.swift in Sources */,
				B3D3B9DD1A8C390F0047307E /* AppDelegate.swift in Sources */,
			);
			runOnlyForDeploymentPostprocessing = 0;
		};
		B3D3B9E81A8C39100047307E /* Sources */ = {
			isa = PBXSourcesBuildPhase;
			buildActionMask = 2147483647;
			files = (
				B3D3B9F31A8C39100047307E /* SommTests.swift in Sources */,
			);
			runOnlyForDeploymentPostprocessing = 0;
		};
/* End PBXSourcesBuildPhase section */

/* Begin PBXTargetDependency section */
		B3D3B9EE1A8C39100047307E /* PBXTargetDependency */ = {
			isa = PBXTargetDependency;
			target = B3D3B9D61A8C390F0047307E /* Somm */;
			targetProxy = B3D3B9ED1A8C39100047307E /* PBXContainerItemProxy */;
		};
/* End PBXTargetDependency section */

/* Begin PBXVariantGroup section */
		B3D3B9E01A8C390F0047307E /* Main.storyboard */ = {
			isa = PBXVariantGroup;
			children = (
				B3D3B9E11A8C390F0047307E /* Base */,
			);
			name = Main.storyboard;
			sourceTree = "<group>";
		};
		B3D3B9E51A8C390F0047307E /* LaunchScreen.xib */ = {
			isa = PBXVariantGroup;
			children = (
				B3D3B9E61A8C390F0047307E /* Base */,
			);
			name = LaunchScreen.xib;
			sourceTree = "<group>";
		};
/* End PBXVariantGroup section */

/* Begin XCBuildConfiguration section */
		B3D3B9F41A8C39100047307E /* Debug */ = {
			isa = XCBuildConfiguration;
			buildSettings = {
				ALWAYS_SEARCH_USER_PATHS = NO;
				CLANG_CXX_LANGUAGE_STANDARD = "gnu++0x";
				CLANG_CXX_LIBRARY = "libc++";
				CLANG_ENABLE_MODULES = YES;
				CLANG_ENABLE_OBJC_ARC = YES;
				CLANG_WARN_BOOL_CONVERSION = YES;
				CLANG_WARN_CONSTANT_CONVERSION = YES;
				CLANG_WARN_DIRECT_OBJC_ISA_USAGE = YES_ERROR;
				CLANG_WARN_EMPTY_BODY = YES;
				CLANG_WARN_ENUM_CONVERSION = YES;
				CLANG_WARN_INT_CONVERSION = YES;
				CLANG_WARN_OBJC_ROOT_CLASS = YES_ERROR;
				CLANG_WARN_UNREACHABLE_CODE = YES;
				CLANG_WARN__DUPLICATE_METHOD_MATCH = YES;
				"CODE_SIGN_IDENTITY[sdk=iphoneos*]" = "iPhone Developer";
				COPY_PHASE_STRIP = NO;
				ENABLE_STRICT_OBJC_MSGSEND = YES;
				GCC_C_LANGUAGE_STANDARD = gnu99;
				GCC_DYNAMIC_NO_PIC = NO;
				GCC_OPTIMIZATION_LEVEL = 0;
				GCC_PREPROCESSOR_DEFINITIONS = (
					"DEBUG=1",
					"$(inherited)",
				);
				GCC_SYMBOLS_PRIVATE_EXTERN = NO;
				GCC_WARN_64_TO_32_BIT_CONVERSION = YES;
				GCC_WARN_ABOUT_RETURN_TYPE = YES_ERROR;
				GCC_WARN_UNDECLARED_SELECTOR = YES;
				GCC_WARN_UNINITIALIZED_AUTOS = YES_AGGRESSIVE;
				GCC_WARN_UNUSED_FUNCTION = YES;
				GCC_WARN_UNUSED_VARIABLE = YES;
				IPHONEOS_DEPLOYMENT_TARGET = 8.1;
				MTL_ENABLE_DEBUG_INFO = YES;
				ONLY_ACTIVE_ARCH = YES;
				SDKROOT = iphoneos;
				SWIFT_OPTIMIZATION_LEVEL = "-Onone";
			};
			name = Debug;
		};
		B3D3B9F51A8C39100047307E /* Release */ = {
			isa = XCBuildConfiguration;
			buildSettings = {
				ALWAYS_SEARCH_USER_PATHS = NO;
				CLANG_CXX_LANGUAGE_STANDARD = "gnu++0x";
				CLANG_CXX_LIBRARY = "libc++";
				CLANG_ENABLE_MODULES = YES;
				CLANG_ENABLE_OBJC_ARC = YES;
				CLANG_WARN_BOOL_CONVERSION = YES;
				CLANG_WARN_CONSTANT_CONVERSION = YES;
				CLANG_WARN_DIRECT_OBJC_ISA_USAGE = YES_ERROR;
				CLANG_WARN_EMPTY_BODY = YES;
				CLANG_WARN_ENUM_CONVERSION = YES;
				CLANG_WARN_INT_CONVERSION = YES;
				CLANG_WARN_OBJC_ROOT_CLASS = YES_ERROR;
				CLANG_WARN_UNREACHABLE_CODE = YES;
				CLANG_WARN__DUPLICATE_METHOD_MATCH = YES;
				"CODE_SIGN_IDENTITY[sdk=iphoneos*]" = "iPhone Developer";
				COPY_PHASE_STRIP = YES;
				ENABLE_NS_ASSERTIONS = NO;
				ENABLE_STRICT_OBJC_MSGSEND = YES;
				GCC_C_LANGUAGE_STANDARD = gnu99;
				GCC_WARN_64_TO_32_BIT_CONVERSION = YES;
				GCC_WARN_ABOUT_RETURN_TYPE = YES_ERROR;
				GCC_WARN_UNDECLARED_SELECTOR = YES;
				GCC_WARN_UNINITIALIZED_AUTOS = YES_AGGRESSIVE;
				GCC_WARN_UNUSED_FUNCTION = YES;
				GCC_WARN_UNUSED_VARIABLE = YES;
				IPHONEOS_DEPLOYMENT_TARGET = 8.1;
				MTL_ENABLE_DEBUG_INFO = NO;
				SDKROOT = iphoneos;
				VALIDATE_PRODUCT = YES;
			};
			name = Release;
		};
		B3D3B9F71A8C39100047307E /* Debug */ = {
			isa = XCBuildConfiguration;
			buildSettings = {
				ASSETCATALOG_COMPILER_APPICON_NAME = AppIcon;
				INFOPLIST_FILE = Somm/Info.plist;
				LD_RUNPATH_SEARCH_PATHS = "$(inherited) @executable_path/Frameworks";
				PRODUCT_NAME = "$(TARGET_NAME)";
			};
			name = Debug;
		};
		B3D3B9F81A8C39100047307E /* Release */ = {
			isa = XCBuildConfiguration;
			buildSettings = {
				ASSETCATALOG_COMPILER_APPICON_NAME = AppIcon;
				INFOPLIST_FILE = Somm/Info.plist;
				LD_RUNPATH_SEARCH_PATHS = "$(inherited) @executable_path/Frameworks";
				PRODUCT_NAME = "$(TARGET_NAME)";
			};
			name = Release;
		};
		B3D3B9FA1A8C39100047307E /* Debug */ = {
			isa = XCBuildConfiguration;
			buildSettings = {
				BUNDLE_LOADER = "$(TEST_HOST)";
				FRAMEWORK_SEARCH_PATHS = (
					"$(SDKROOT)/Developer/Library/Frameworks",
					"$(inherited)",
				);
				GCC_PREPROCESSOR_DEFINITIONS = (
					"DEBUG=1",
					"$(inherited)",
				);
				INFOPLIST_FILE = SommTests/Info.plist;
				LD_RUNPATH_SEARCH_PATHS = "$(inherited) @executable_path/Frameworks @loader_path/Frameworks";
				PRODUCT_NAME = "$(TARGET_NAME)";
				TEST_HOST = "$(BUILT_PRODUCTS_DIR)/Somm.app/Somm";
			};
			name = Debug;
		};
		B3D3B9FB1A8C39100047307E /* Release */ = {
			isa = XCBuildConfiguration;
			buildSettings = {
				BUNDLE_LOADER = "$(TEST_HOST)";
				FRAMEWORK_SEARCH_PATHS = (
					"$(SDKROOT)/Developer/Library/Frameworks",
					"$(inherited)",
				);
				INFOPLIST_FILE = SommTests/Info.plist;
				LD_RUNPATH_SEARCH_PATHS = "$(inherited) @executable_path/Frameworks @loader_path/Frameworks";
				PRODUCT_NAME = "$(TARGET_NAME)";
				TEST_HOST = "$(BUILT_PRODUCTS_DIR)/Somm.app/Somm";
			};
			name = Release;
		};
/* End XCBuildConfiguration section */

/* Begin XCConfigurationList section */
		B3D3B9D21A8C390F0047307E /* Build configuration list for PBXProject "Somm" */ = {
			isa = XCConfigurationList;
			buildConfigurations = (
				B3D3B9F41A8C39100047307E /* Debug */,
				B3D3B9F51A8C39100047307E /* Release */,
			);
			defaultConfigurationIsVisible = 0;
			defaultConfigurationName = Release;
		};
		B3D3B9F61A8C39100047307E /* Build configuration list for PBXNativeTarget "Somm" */ = {
			isa = XCConfigurationList;
			buildConfigurations = (
				B3D3B9F71A8C39100047307E /* Debug */,
				B3D3B9F81A8C39100047307E /* Release */,
			);
			defaultConfigurationIsVisible = 0;
			defaultConfigurationName = Release;
		};
		B3D3B9F91A8C39100047307E /* Build configuration list for PBXNativeTarget "SommTests" */ = {
			isa = XCConfigurationList;
			buildConfigurations = (
				B3D3B9FA1A8C39100047307E /* Debug */,
				B3D3B9FB1A8C39100047307E /* Release */,
			);
			defaultConfigurationIsVisible = 0;
			defaultConfigurationName = Release;
		};
/* End XCConfigurationList section */
	};
	rootObject = B3D3B9CF1A8C390F0047307E /* Project object */;
}
