// !$*UTF8*$!
{
	archiveVersion = 1;
	classes = {
	};
	objectVersion = 46;
	objects = {

/* Begin PBXBuildFile section */
		B30556911ADC5BDE006FBEEB /* TestStore.swift in Sources */ = {isa = PBXBuildFile; fileRef = B30556901ADC5BDE006FBEEB /* TestStore.swift */; };
		B30556931ADEC540006FBEEB /* JSON.swift in Sources */ = {isa = PBXBuildFile; fileRef = B30556921ADEC540006FBEEB /* JSON.swift */; };
		B33544981AD58C9F0038BDE9 /* NetworkHelper.swift in Sources */ = {isa = PBXBuildFile; fileRef = B33544971AD58C9F0038BDE9 /* NetworkHelper.swift */; };
		B335449A1AD58F4B0038BDE9 /* MapViewController.swift in Sources */ = {isa = PBXBuildFile; fileRef = B33544991AD58F4B0038BDE9 /* MapViewController.swift */; };
		B33B87A01AE098A80065D6E3 /* SommIcon87.png in Resources */ = {isa = PBXBuildFile; fileRef = B33B879E1AE098A80065D6E3 /* SommIcon87.png */; };
		B33B87A11AE098A80065D6E3 /* SommIcon120.png in Resources */ = {isa = PBXBuildFile; fileRef = B33B879F1AE098A80065D6E3 /* SommIcon120.png */; };
		B33B87A31AE099980065D6E3 /* SommIcon180.png in Resources */ = {isa = PBXBuildFile; fileRef = B33B87A21AE099980065D6E3 /* SommIcon180.png */; };
		B33FDECE1ACC618D0086B4C2 /* AppDelegate.swift in Sources */ = {isa = PBXBuildFile; fileRef = B33FDECD1ACC618D0086B4C2 /* AppDelegate.swift */; };
		B33FDED11ACC618D0086B4C2 /* Somm.xcdatamodeld in Sources */ = {isa = PBXBuildFile; fileRef = B33FDECF1ACC618D0086B4C2 /* Somm.xcdatamodeld */; };
		B33FDED81ACC618D0086B4C2 /* Images.xcassets in Resources */ = {isa = PBXBuildFile; fileRef = B33FDED71ACC618D0086B4C2 /* Images.xcassets */; };
		B33FDEE71ACC618D0086B4C2 /* SommTests.swift in Sources */ = {isa = PBXBuildFile; fileRef = B33FDEE61ACC618D0086B4C2 /* SommTests.swift */; };
		B34951EF1AD4623300513C31 /* MapKit.framework in Frameworks */ = {isa = PBXBuildFile; fileRef = B34951EE1AD4623300513C31 /* MapKit.framework */; };
		B375A2571ACC642000B99011 /* CoreLocation.framework in Frameworks */ = {isa = PBXBuildFile; fileRef = B375A2561ACC642000B99011 /* CoreLocation.framework */; };
		B37F5C211ACC674600A28483 /* Store.swift in Sources */ = {isa = PBXBuildFile; fileRef = B37F5C201ACC674600A28483 /* Store.swift */; };
		B37F5C231ACC675C00A28483 /* StringHelper.swift in Sources */ = {isa = PBXBuildFile; fileRef = B37F5C221ACC675C00A28483 /* StringHelper.swift */; };
		B37F5C271ACC67DC00A28483 /* TestStringHelper.swift in Sources */ = {isa = PBXBuildFile; fileRef = B37F5C261ACC67DC00A28483 /* TestStringHelper.swift */; };
		B37F5C281ACC681400A28483 /* StringHelper.swift in Sources */ = {isa = PBXBuildFile; fileRef = B37F5C221ACC675C00A28483 /* StringHelper.swift */; };
		B391497D1AD56DA600D050B2 /* SettingsViewController.swift in Sources */ = {isa = PBXBuildFile; fileRef = B391497C1AD56DA600D050B2 /* SettingsViewController.swift */; };
		B3C5B3531ACC671B0014221F /* LaunchScreen.xib in Resources */ = {isa = PBXBuildFile; fileRef = B3C5B34F1ACC671B0014221F /* LaunchScreen.xib */; };
		B3C5B3541ACC671B0014221F /* Main.storyboard in Resources */ = {isa = PBXBuildFile; fileRef = B3C5B3511ACC671B0014221F /* Main.storyboard */; };
		B3C5B3581ACC67290014221F /* HomeViewController.swift in Sources */ = {isa = PBXBuildFile; fileRef = B3C5B3551ACC67290014221F /* HomeViewController.swift */; };
		B3C5B3591ACC67290014221F /* LoginViewController.swift in Sources */ = {isa = PBXBuildFile; fileRef = B3C5B3561ACC67290014221F /* LoginViewController.swift */; };
		B3C5B35A1ACC67290014221F /* SignupViewController.swift in Sources */ = {isa = PBXBuildFile; fileRef = B3C5B3571ACC67290014221F /* SignupViewController.swift */; };
		B3DF87661ACF08E900CD5660 /* ErrorHelper.swift in Sources */ = {isa = PBXBuildFile; fileRef = B3DF87651ACF08E900CD5660 /* ErrorHelper.swift */; };
/* End PBXBuildFile section */

/* Begin PBXContainerItemProxy section */
		B33FDEE11ACC618D0086B4C2 /* PBXContainerItemProxy */ = {
			isa = PBXContainerItemProxy;
			containerPortal = B33FDEC01ACC618D0086B4C2 /* Project object */;
			proxyType = 1;
			remoteGlobalIDString = B33FDEC71ACC618D0086B4C2;
			remoteInfo = Somm;
		};
/* End PBXContainerItemProxy section */

/* Begin PBXFileReference section */
		B30556901ADC5BDE006FBEEB /* TestStore.swift */ = {isa = PBXFileReference; fileEncoding = 4; lastKnownFileType = sourcecode.swift; path = TestStore.swift; sourceTree = "<group>"; };
		B30556921ADEC540006FBEEB /* JSON.swift */ = {isa = PBXFileReference; fileEncoding = 4; lastKnownFileType = sourcecode.swift; path = JSON.swift; sourceTree = "<group>"; };
		B33544971AD58C9F0038BDE9 /* NetworkHelper.swift */ = {isa = PBXFileReference; fileEncoding = 4; lastKnownFileType = sourcecode.swift; path = NetworkHelper.swift; sourceTree = "<group>"; };
		B33544991AD58F4B0038BDE9 /* MapViewController.swift */ = {isa = PBXFileReference; fileEncoding = 4; lastKnownFileType = sourcecode.swift; path = MapViewController.swift; sourceTree = "<group>"; };
		B33B879E1AE098A80065D6E3 /* SommIcon87.png */ = {isa = PBXFileReference; lastKnownFileType = image.png; path = SommIcon87.png; sourceTree = "<group>"; };
		B33B879F1AE098A80065D6E3 /* SommIcon120.png */ = {isa = PBXFileReference; lastKnownFileType = image.png; path = SommIcon120.png; sourceTree = "<group>"; };
		B33B87A21AE099980065D6E3 /* SommIcon180.png */ = {isa = PBXFileReference; lastKnownFileType = image.png; path = SommIcon180.png; sourceTree = "<group>"; };
		B33FDEC81ACC618D0086B4C2 /* Somm.app */ = {isa = PBXFileReference; explicitFileType = wrapper.application; includeInIndex = 0; path = Somm.app; sourceTree = BUILT_PRODUCTS_DIR; };
		B33FDECC1ACC618D0086B4C2 /* Info.plist */ = {isa = PBXFileReference; lastKnownFileType = text.plist.xml; path = Info.plist; sourceTree = "<group>"; };
		B33FDECD1ACC618D0086B4C2 /* AppDelegate.swift */ = {isa = PBXFileReference; lastKnownFileType = sourcecode.swift; path = AppDelegate.swift; sourceTree = "<group>"; };
		B33FDED01ACC618D0086B4C2 /* Somm.xcdatamodel */ = {isa = PBXFileReference; lastKnownFileType = wrapper.xcdatamodel; path = Somm.xcdatamodel; sourceTree = "<group>"; };
		B33FDED71ACC618D0086B4C2 /* Images.xcassets */ = {isa = PBXFileReference; lastKnownFileType = folder.assetcatalog; path = Images.xcassets; sourceTree = "<group>"; };
		B33FDEE01ACC618D0086B4C2 /* SommTests.xctest */ = {isa = PBXFileReference; explicitFileType = wrapper.cfbundle; includeInIndex = 0; path = SommTests.xctest; sourceTree = BUILT_PRODUCTS_DIR; };
		B33FDEE51ACC618D0086B4C2 /* Info.plist */ = {isa = PBXFileReference; lastKnownFileType = text.plist.xml; path = Info.plist; sourceTree = "<group>"; };
		B33FDEE61ACC618D0086B4C2 /* SommTests.swift */ = {isa = PBXFileReference; lastKnownFileType = sourcecode.swift; path = SommTests.swift; sourceTree = "<group>"; };
		B34951EE1AD4623300513C31 /* MapKit.framework */ = {isa = PBXFileReference; lastKnownFileType = wrapper.framework; name = MapKit.framework; path = System/Library/Frameworks/MapKit.framework; sourceTree = SDKROOT; };
		B375A2561ACC642000B99011 /* CoreLocation.framework */ = {isa = PBXFileReference; lastKnownFileType = wrapper.framework; name = CoreLocation.framework; path = System/Library/Frameworks/CoreLocation.framework; sourceTree = SDKROOT; };
		B37F5C201ACC674600A28483 /* Store.swift */ = {isa = PBXFileReference; fileEncoding = 4; lastKnownFileType = sourcecode.swift; path = Store.swift; sourceTree = "<group>"; };
		B37F5C221ACC675C00A28483 /* StringHelper.swift */ = {isa = PBXFileReference; fileEncoding = 4; lastKnownFileType = sourcecode.swift; path = StringHelper.swift; sourceTree = "<group>"; };
		B37F5C261ACC67DC00A28483 /* TestStringHelper.swift */ = {isa = PBXFileReference; fileEncoding = 4; lastKnownFileType = sourcecode.swift; name = TestStringHelper.swift; path = Somm/TestStringHelper.swift; sourceTree = SOURCE_ROOT; };
		B391497C1AD56DA600D050B2 /* SettingsViewController.swift */ = {isa = PBXFileReference; fileEncoding = 4; lastKnownFileType = sourcecode.swift; path = SettingsViewController.swift; sourceTree = "<group>"; };
		B3C5B3501ACC671B0014221F /* Base */ = {isa = PBXFileReference; lastKnownFileType = file.xib; name = Base; path = Base.lproj/LaunchScreen.xib; sourceTree = "<group>"; };
		B3C5B3521ACC671B0014221F /* Base */ = {isa = PBXFileReference; lastKnownFileType = file.storyboard; name = Base; path = Base.lproj/Main.storyboard; sourceTree = "<group>"; };
		B3C5B3551ACC67290014221F /* HomeViewController.swift */ = {isa = PBXFileReference; fileEncoding = 4; lastKnownFileType = sourcecode.swift; path = HomeViewController.swift; sourceTree = "<group>"; };
		B3C5B3561ACC67290014221F /* LoginViewController.swift */ = {isa = PBXFileReference; fileEncoding = 4; lastKnownFileType = sourcecode.swift; path = LoginViewController.swift; sourceTree = "<group>"; };
		B3C5B3571ACC67290014221F /* SignupViewController.swift */ = {isa = PBXFileReference; fileEncoding = 4; lastKnownFileType = sourcecode.swift; path = SignupViewController.swift; sourceTree = "<group>"; };
		B3DF87651ACF08E900CD5660 /* ErrorHelper.swift */ = {isa = PBXFileReference; fileEncoding = 4; lastKnownFileType = sourcecode.swift; path = ErrorHelper.swift; sourceTree = "<group>"; };
/* End PBXFileReference section */

/* Begin PBXFrameworksBuildPhase section */
		B33FDEC51ACC618D0086B4C2 /* Frameworks */ = {
			isa = PBXFrameworksBuildPhase;
			buildActionMask = 2147483647;
			files = (
				B34951EF1AD4623300513C31 /* MapKit.framework in Frameworks */,
				B375A2571ACC642000B99011 /* CoreLocation.framework in Frameworks */,
			);
			runOnlyForDeploymentPostprocessing = 0;
		};
		B33FDEDD1ACC618D0086B4C2 /* Frameworks */ = {
			isa = PBXFrameworksBuildPhase;
			buildActionMask = 2147483647;
			files = (
			);
			runOnlyForDeploymentPostprocessing = 0;
		};
/* End PBXFrameworksBuildPhase section */

/* Begin PBXGroup section */
		B30556811ADC55B3006FBEEB /* Images */ = {
			isa = PBXGroup;
			children = (
				B33B879D1AE098500065D6E3 /* icon */,
			);
			name = Images;
			sourceTree = "<group>";
		};
		B33B879D1AE098500065D6E3 /* icon */ = {
			isa = PBXGroup;
			children = (
				B33B879E1AE098A80065D6E3 /* SommIcon87.png */,
				B33B87A21AE099980065D6E3 /* SommIcon180.png */,
				B33B879F1AE098A80065D6E3 /* SommIcon120.png */,
			);
			name = icon;
			sourceTree = "<group>";
		};
		B33FDEBF1ACC618D0086B4C2 = {
			isa = PBXGroup;
			children = (
				B34951EE1AD4623300513C31 /* MapKit.framework */,
				B375A2561ACC642000B99011 /* CoreLocation.framework */,
				B33FDECA1ACC618D0086B4C2 /* Somm */,
				B33FDEE31ACC618D0086B4C2 /* SommTests */,
				B33FDEC91ACC618D0086B4C2 /* Products */,
			);
			sourceTree = "<group>";
		};
		B33FDEC91ACC618D0086B4C2 /* Products */ = {
			isa = PBXGroup;
			children = (
				B33FDEC81ACC618D0086B4C2 /* Somm.app */,
				B33FDEE01ACC618D0086B4C2 /* SommTests.xctest */,
			);
			name = Products;
			sourceTree = "<group>";
		};
		B33FDECA1ACC618D0086B4C2 /* Somm */ = {
			isa = PBXGroup;
			children = (
				B33FDECD1ACC618D0086B4C2 /* AppDelegate.swift */,
				B33FDEFC1ACC61F90086B4C2 /* View Controllers */,
				B33FDF021ACC621C0086B4C2 /* Model */,
				B33FDF011ACC620D0086B4C2 /* Helper Files */,
				B33FDED71ACC618D0086B4C2 /* Images.xcassets */,
				B33FDECF1ACC618D0086B4C2 /* Somm.xcdatamodeld */,
				B33FDECB1ACC618D0086B4C2 /* Supporting Files */,
			);
			path = Somm;
			sourceTree = "<group>";
		};
		B33FDECB1ACC618D0086B4C2 /* Supporting Files */ = {
			isa = PBXGroup;
			children = (
				B30556811ADC55B3006FBEEB /* Images */,
				B33FDECC1ACC618D0086B4C2 /* Info.plist */,
			);
			name = "Supporting Files";
			sourceTree = "<group>";
		};
		B33FDEE31ACC618D0086B4C2 /* SommTests */ = {
			isa = PBXGroup;
			children = (
				B37F5C261ACC67DC00A28483 /* TestStringHelper.swift */,
				B30556901ADC5BDE006FBEEB /* TestStore.swift */,
				B33FDEE61ACC618D0086B4C2 /* SommTests.swift */,
				B33FDEE41ACC618D0086B4C2 /* Supporting Files */,
			);
			path = SommTests;
			sourceTree = "<group>";
		};
		B33FDEE41ACC618D0086B4C2 /* Supporting Files */ = {
			isa = PBXGroup;
			children = (
				B33FDEE51ACC618D0086B4C2 /* Info.plist */,
			);
			name = "Supporting Files";
			sourceTree = "<group>";
		};
		B33FDEFC1ACC61F90086B4C2 /* View Controllers */ = {
			isa = PBXGroup;
			children = (
				B3C5B34F1ACC671B0014221F /* LaunchScreen.xib */,
				B3C5B3511ACC671B0014221F /* Main.storyboard */,
				B3C5B3551ACC67290014221F /* HomeViewController.swift */,
				B3C5B3561ACC67290014221F /* LoginViewController.swift */,
				B3C5B3571ACC67290014221F /* SignupViewController.swift */,
				B391497C1AD56DA600D050B2 /* SettingsViewController.swift */,
				B33544991AD58F4B0038BDE9 /* MapViewController.swift */,
			);
			name = "View Controllers";
			sourceTree = "<group>";
		};
		B33FDF011ACC620D0086B4C2 /* Helper Files */ = {
			isa = PBXGroup;
			children = (
				B30556921ADEC540006FBEEB /* JSON.swift */,
				B37F5C221ACC675C00A28483 /* StringHelper.swift */,
				B3DF87651ACF08E900CD5660 /* ErrorHelper.swift */,
				B33544971AD58C9F0038BDE9 /* NetworkHelper.swift */,
			);
			name = "Helper Files";
			sourceTree = "<group>";
		};
		B33FDF021ACC621C0086B4C2 /* Model */ = {
			isa = PBXGroup;
			children = (
				B37F5C201ACC674600A28483 /* Store.swift */,
			);
			name = Model;
			sourceTree = "<group>";
		};
/* End PBXGroup section */

/* Begin PBXNativeTarget section */
		B33FDEC71ACC618D0086B4C2 /* Somm */ = {
			isa = PBXNativeTarget;
			buildConfigurationList = B33FDEEA1ACC618D0086B4C2 /* Build configuration list for PBXNativeTarget "Somm" */;
			buildPhases = (
				B33FDEC41ACC618D0086B4C2 /* Sources */,
				B33FDEC51ACC618D0086B4C2 /* Frameworks */,
				B33FDEC61ACC618D0086B4C2 /* Resources */,
			);
			buildRules = (
			);
			dependencies = (
			);
			name = Somm;
			productName = Somm;
			productReference = B33FDEC81ACC618D0086B4C2 /* Somm.app */;
			productType = "com.apple.product-type.application";
		};
		B33FDEDF1ACC618D0086B4C2 /* SommTests */ = {
			isa = PBXNativeTarget;
			buildConfigurationList = B33FDEED1ACC618D0086B4C2 /* Build configuration list for PBXNativeTarget "SommTests" */;
			buildPhases = (
				B33FDEDC1ACC618D0086B4C2 /* Sources */,
				B33FDEDD1ACC618D0086B4C2 /* Frameworks */,
				B33FDEDE1ACC618D0086B4C2 /* Resources */,
			);
			buildRules = (
			);
			dependencies = (
				B33FDEE21ACC618D0086B4C2 /* PBXTargetDependency */,
			);
			name = SommTests;
			productName = SommTests;
			productReference = B33FDEE01ACC618D0086B4C2 /* SommTests.xctest */;
			productType = "com.apple.product-type.bundle.unit-test";
		};
/* End PBXNativeTarget section */

/* Begin PBXProject section */
		B33FDEC01ACC618D0086B4C2 /* Project object */ = {
			isa = PBXProject;
			attributes = {
				LastUpgradeCheck = 0610;
				ORGANIZATIONNAME = Somm;
				TargetAttributes = {
					B33FDEC71ACC618D0086B4C2 = {
						CreatedOnToolsVersion = 6.1.1;
						DevelopmentTeam = 4FNJNUQ3AD;
					};
					B33FDEDF1ACC618D0086B4C2 = {
						CreatedOnToolsVersion = 6.1.1;
						TestTargetID = B33FDEC71ACC618D0086B4C2;
					};
				};
			};
			buildConfigurationList = B33FDEC31ACC618D0086B4C2 /* Build configuration list for PBXProject "Somm" */;
			compatibilityVersion = "Xcode 3.2";
			developmentRegion = English;
			hasScannedForEncodings = 0;
			knownRegions = (
				en,
				Base,
			);
			mainGroup = B33FDEBF1ACC618D0086B4C2;
			productRefGroup = B33FDEC91ACC618D0086B4C2 /* Products */;
			projectDirPath = "";
			projectRoot = "";
			targets = (
				B33FDEC71ACC618D0086B4C2 /* Somm */,
				B33FDEDF1ACC618D0086B4C2 /* SommTests */,
			);
		};
/* End PBXProject section */

/* Begin PBXResourcesBuildPhase section */
		B33FDEC61ACC618D0086B4C2 /* Resources */ = {
			isa = PBXResourcesBuildPhase;
			buildActionMask = 2147483647;
			files = (
				B3C5B3541ACC671B0014221F /* Main.storyboard in Resources */,
				B33B87A11AE098A80065D6E3 /* SommIcon120.png in Resources */,
				B3C5B3531ACC671B0014221F /* LaunchScreen.xib in Resources */,
				B33FDED81ACC618D0086B4C2 /* Images.xcassets in Resources */,
				B33B87A31AE099980065D6E3 /* SommIcon180.png in Resources */,
				B33B87A01AE098A80065D6E3 /* SommIcon87.png in Resources */,
			);
			runOnlyForDeploymentPostprocessing = 0;
		};
		B33FDEDE1ACC618D0086B4C2 /* Resources */ = {
			isa = PBXResourcesBuildPhase;
			buildActionMask = 2147483647;
			files = (
			);
			runOnlyForDeploymentPostprocessing = 0;
		};
/* End PBXResourcesBuildPhase section */

/* Begin PBXSourcesBuildPhase section */
		B33FDEC41ACC618D0086B4C2 /* Sources */ = {
			isa = PBXSourcesBuildPhase;
			buildActionMask = 2147483647;
			files = (
				B3C5B3591ACC67290014221F /* LoginViewController.swift in Sources */,
				B30556931ADEC540006FBEEB /* JSON.swift in Sources */,
				B3DF87661ACF08E900CD5660 /* ErrorHelper.swift in Sources */,
				B3C5B35A1ACC67290014221F /* SignupViewController.swift in Sources */,
				B391497D1AD56DA600D050B2 /* SettingsViewController.swift in Sources */,
				B33544981AD58C9F0038BDE9 /* NetworkHelper.swift in Sources */,
				B37F5C211ACC674600A28483 /* Store.swift in Sources */,
				B33FDECE1ACC618D0086B4C2 /* AppDelegate.swift in Sources */,
				B335449A1AD58F4B0038BDE9 /* MapViewController.swift in Sources */,
				B37F5C231ACC675C00A28483 /* StringHelper.swift in Sources */,
				B33FDED11ACC618D0086B4C2 /* Somm.xcdatamodeld in Sources */,
				B3C5B3581ACC67290014221F /* HomeViewController.swift in Sources */,
			);
			runOnlyForDeploymentPostprocessing = 0;
		};
		B33FDEDC1ACC618D0086B4C2 /* Sources */ = {
			isa = PBXSourcesBuildPhase;
			buildActionMask = 2147483647;
			files = (
				B37F5C281ACC681400A28483 /* StringHelper.swift in Sources */,
				B37F5C271ACC67DC00A28483 /* TestStringHelper.swift in Sources */,
				B33FDEE71ACC618D0086B4C2 /* SommTests.swift in Sources */,
				B30556911ADC5BDE006FBEEB /* TestStore.swift in Sources */,
			);
			runOnlyForDeploymentPostprocessing = 0;
		};
/* End PBXSourcesBuildPhase section */

/* Begin PBXTargetDependency section */
		B33FDEE21ACC618D0086B4C2 /* PBXTargetDependency */ = {
			isa = PBXTargetDependency;
			target = B33FDEC71ACC618D0086B4C2 /* Somm */;
			targetProxy = B33FDEE11ACC618D0086B4C2 /* PBXContainerItemProxy */;
		};
/* End PBXTargetDependency section */

/* Begin PBXVariantGroup section */
		B3C5B34F1ACC671B0014221F /* LaunchScreen.xib */ = {
			isa = PBXVariantGroup;
			children = (
				B3C5B3501ACC671B0014221F /* Base */,
			);
			name = LaunchScreen.xib;
			sourceTree = "<group>";
		};
		B3C5B3511ACC671B0014221F /* Main.storyboard */ = {
			isa = PBXVariantGroup;
			children = (
				B3C5B3521ACC671B0014221F /* Base */,
			);
			name = Main.storyboard;
			sourceTree = "<group>";
		};
/* End PBXVariantGroup section */

/* Begin XCBuildConfiguration section */
		B33FDEE81ACC618D0086B4C2 /* Debug */ = {
			isa = XCBuildConfiguration;
			buildSettings = {
				ALWAYS_SEARCH_USER_PATHS = NO;
				CLANG_CXX_LANGUAGE_STANDARD = "gnu++0x";
				CLANG_CXX_LIBRARY = "libc++";
				CLANG_ENABLE_MODULES = YES;
				CLANG_ENABLE_OBJC_ARC = YES;
				CLANG_WARN_BOOL_CONVERSION = YES;
				CLANG_WARN_CONSTANT_CONVERSION = YES;
				CLANG_WARN_DIRECT_OBJC_ISA_USAGE = YES_ERROR;
				CLANG_WARN_EMPTY_BODY = YES;
				CLANG_WARN_ENUM_CONVERSION = YES;
				CLANG_WARN_INT_CONVERSION = YES;
				CLANG_WARN_OBJC_ROOT_CLASS = YES_ERROR;
				CLANG_WARN_UNREACHABLE_CODE = YES;
				CLANG_WARN__DUPLICATE_METHOD_MATCH = YES;
				"CODE_SIGN_IDENTITY[sdk=iphoneos*]" = "iPhone Developer";
				COPY_PHASE_STRIP = NO;
				ENABLE_STRICT_OBJC_MSGSEND = YES;
				GCC_C_LANGUAGE_STANDARD = gnu99;
				GCC_DYNAMIC_NO_PIC = NO;
				GCC_OPTIMIZATION_LEVEL = 0;
				GCC_PREPROCESSOR_DEFINITIONS = (
					"DEBUG=1",
					"$(inherited)",
				);
				GCC_SYMBOLS_PRIVATE_EXTERN = NO;
				GCC_WARN_64_TO_32_BIT_CONVERSION = YES;
				GCC_WARN_ABOUT_RETURN_TYPE = YES_ERROR;
				GCC_WARN_UNDECLARED_SELECTOR = YES;
				GCC_WARN_UNINITIALIZED_AUTOS = YES_AGGRESSIVE;
				GCC_WARN_UNUSED_FUNCTION = YES;
				GCC_WARN_UNUSED_VARIABLE = YES;
				IPHONEOS_DEPLOYMENT_TARGET = 8.1;
				MTL_ENABLE_DEBUG_INFO = YES;
				ONLY_ACTIVE_ARCH = YES;
				SDKROOT = iphoneos;
				SWIFT_OPTIMIZATION_LEVEL = "-Onone";
			};
			name = Debug;
		};
		B33FDEE91ACC618D0086B4C2 /* Release */ = {
			isa = XCBuildConfiguration;
			buildSettings = {
				ALWAYS_SEARCH_USER_PATHS = NO;
				CLANG_CXX_LANGUAGE_STANDARD = "gnu++0x";
				CLANG_CXX_LIBRARY = "libc++";
				CLANG_ENABLE_MODULES = YES;
				CLANG_ENABLE_OBJC_ARC = YES;
				CLANG_WARN_BOOL_CONVERSION = YES;
				CLANG_WARN_CONSTANT_CONVERSION = YES;
				CLANG_WARN_DIRECT_OBJC_ISA_USAGE = YES_ERROR;
				CLANG_WARN_EMPTY_BODY = YES;
				CLANG_WARN_ENUM_CONVERSION = YES;
				CLANG_WARN_INT_CONVERSION = YES;
				CLANG_WARN_OBJC_ROOT_CLASS = YES_ERROR;
				CLANG_WARN_UNREACHABLE_CODE = YES;
				CLANG_WARN__DUPLICATE_METHOD_MATCH = YES;
				"CODE_SIGN_IDENTITY[sdk=iphoneos*]" = "iPhone Developer";
				COPY_PHASE_STRIP = YES;
				ENABLE_NS_ASSERTIONS = NO;
				ENABLE_STRICT_OBJC_MSGSEND = YES;
				GCC_C_LANGUAGE_STANDARD = gnu99;
				GCC_WARN_64_TO_32_BIT_CONVERSION = YES;
				GCC_WARN_ABOUT_RETURN_TYPE = YES_ERROR;
				GCC_WARN_UNDECLARED_SELECTOR = YES;
				GCC_WARN_UNINITIALIZED_AUTOS = YES_AGGRESSIVE;
				GCC_WARN_UNUSED_FUNCTION = YES;
				GCC_WARN_UNUSED_VARIABLE = YES;
				IPHONEOS_DEPLOYMENT_TARGET = 8.1;
				MTL_ENABLE_DEBUG_INFO = NO;
				SDKROOT = iphoneos;
				VALIDATE_PRODUCT = YES;
			};
			name = Release;
		};
		B33FDEEB1ACC618D0086B4C2 /* Debug */ = {
			isa = XCBuildConfiguration;
			buildSettings = {
				ASSETCATALOG_COMPILER_APPICON_NAME = "AppIcon-1";
				CODE_SIGN_IDENTITY = "iPhone Developer";
				"CODE_SIGN_IDENTITY[sdk=iphoneos*]" = "iPhone Developer";
				INFOPLIST_FILE = Somm/Info.plist;
				LD_RUNPATH_SEARCH_PATHS = "$(inherited) @executable_path/Frameworks";
				PRODUCT_NAME = "$(TARGET_NAME)";
				PROVISIONING_PROFILE = "";
			};
			name = Debug;
		};
		B33FDEEC1ACC618D0086B4C2 /* Release */ = {
			isa = XCBuildConfiguration;
			buildSettings = {
				ASSETCATALOG_COMPILER_APPICON_NAME = "AppIcon-1";
				CODE_SIGN_IDENTITY = "iPhone Developer";
				"CODE_SIGN_IDENTITY[sdk=iphoneos*]" = "iPhone Developer";
				INFOPLIST_FILE = Somm/Info.plist;
				LD_RUNPATH_SEARCH_PATHS = "$(inherited) @executable_path/Frameworks";
				PRODUCT_NAME = "$(TARGET_NAME)";
				PROVISIONING_PROFILE = "";
			};
			name = Release;
		};
		B33FDEEE1ACC618D0086B4C2 /* Debug */ = {
			isa = XCBuildConfiguration;
			buildSettings = {
				BUNDLE_LOADER = "$(TEST_HOST)";
				FRAMEWORK_SEARCH_PATHS = (
					"$(SDKROOT)/Developer/Library/Frameworks",
					"$(inherited)",
				);
				GCC_PREPROCESSOR_DEFINITIONS = (
					"DEBUG=1",
					"$(inherited)",
				);
				INFOPLIST_FILE = SommTests/Info.plist;
				LD_RUNPATH_SEARCH_PATHS = "$(inherited) @executable_path/Frameworks @loader_path/Frameworks";
				PRODUCT_NAME = "$(TARGET_NAME)";
				TEST_HOST = "$(BUILT_PRODUCTS_DIR)/Somm.app/Somm";
			};
			name = Debug;
		};
		B33FDEEF1ACC618D0086B4C2 /* Release */ = {
			isa = XCBuildConfiguration;
			buildSettings = {
				BUNDLE_LOADER = "$(TEST_HOST)";
				FRAMEWORK_SEARCH_PATHS = (
					"$(SDKROOT)/Developer/Library/Frameworks",
					"$(inherited)",
				);
				INFOPLIST_FILE = SommTests/Info.plist;
				LD_RUNPATH_SEARCH_PATHS = "$(inherited) @executable_path/Frameworks @loader_path/Frameworks";
				PRODUCT_NAME = "$(TARGET_NAME)";
				TEST_HOST = "$(BUILT_PRODUCTS_DIR)/Somm.app/Somm";
			};
			name = Release;
		};
/* End XCBuildConfiguration section */

/* Begin XCConfigurationList section */
		B33FDEC31ACC618D0086B4C2 /* Build configuration list for PBXProject "Somm" */ = {
			isa = XCConfigurationList;
			buildConfigurations = (
				B33FDEE81ACC618D0086B4C2 /* Debug */,
				B33FDEE91ACC618D0086B4C2 /* Release */,
			);
			defaultConfigurationIsVisible = 0;
			defaultConfigurationName = Release;
		};
		B33FDEEA1ACC618D0086B4C2 /* Build configuration list for PBXNativeTarget "Somm" */ = {
			isa = XCConfigurationList;
			buildConfigurations = (
				B33FDEEB1ACC618D0086B4C2 /* Debug */,
				B33FDEEC1ACC618D0086B4C2 /* Release */,
			);
			defaultConfigurationIsVisible = 0;
			defaultConfigurationName = Release;
		};
		B33FDEED1ACC618D0086B4C2 /* Build configuration list for PBXNativeTarget "SommTests" */ = {
			isa = XCConfigurationList;
			buildConfigurations = (
				B33FDEEE1ACC618D0086B4C2 /* Debug */,
				B33FDEEF1ACC618D0086B4C2 /* Release */,
			);
			defaultConfigurationIsVisible = 0;
			defaultConfigurationName = Release;
		};
/* End XCConfigurationList section */

/* Begin XCVersionGroup section */
		B33FDECF1ACC618D0086B4C2 /* Somm.xcdatamodeld */ = {
			isa = XCVersionGroup;
			children = (
				B33FDED01ACC618D0086B4C2 /* Somm.xcdatamodel */,
			);
			currentVersion = B33FDED01ACC618D0086B4C2 /* Somm.xcdatamodel */;
			path = Somm.xcdatamodeld;
			sourceTree = "<group>";
			versionGroupType = wrapper.xcdatamodel;
		};
/* End XCVersionGroup section */
	};
	rootObject = B33FDEC01ACC618D0086B4C2 /* Project object */;
}
