// !$*UTF8*$!
{
	archiveVersion = 1;
	classes = {
	};
	objectVersion = 46;
	objects = {

/* Begin PBXBuildFile section */
		B33FDECE1ACC618D0086B4C2 /* AppDelegate.swift in Sources */ = {isa = PBXBuildFile; fileRef = B33FDECD1ACC618D0086B4C2 /* AppDelegate.swift */; };
		B33FDED11ACC618D0086B4C2 /* Somm.xcdatamodeld in Sources */ = {isa = PBXBuildFile; fileRef = B33FDECF1ACC618D0086B4C2 /* Somm.xcdatamodeld */; };
		B33FDED81ACC618D0086B4C2 /* Images.xcassets in Resources */ = {isa = PBXBuildFile; fileRef = B33FDED71ACC618D0086B4C2 /* Images.xcassets */; };
		B33FDEE71ACC618D0086B4C2 /* SommTests.swift in Sources */ = {isa = PBXBuildFile; fileRef = B33FDEE61ACC618D0086B4C2 /* SommTests.swift */; };
		B33FDEF71ACC61C10086B4C2 /* Main.storyboard in Resources */ = {isa = PBXBuildFile; fileRef = B33FDEF01ACC61C10086B4C2 /* Main.storyboard */; };
		B33FDEF81ACC61C10086B4C2 /* LaunchScreen.xib in Resources */ = {isa = PBXBuildFile; fileRef = B33FDEF21ACC61C10086B4C2 /* LaunchScreen.xib */; };
		B33FDEF91ACC61C10086B4C2 /* HomeViewController.swift in Sources */ = {isa = PBXBuildFile; fileRef = B33FDEF41ACC61C10086B4C2 /* HomeViewController.swift */; };
		B33FDEFA1ACC61C10086B4C2 /* LoginViewController.swift in Sources */ = {isa = PBXBuildFile; fileRef = B33FDEF51ACC61C10086B4C2 /* LoginViewController.swift */; };
		B33FDEFB1ACC61C10086B4C2 /* SignupViewController.swift in Sources */ = {isa = PBXBuildFile; fileRef = B33FDEF61ACC61C10086B4C2 /* SignupViewController.swift */; };
		B33FDEFF1ACC62080086B4C2 /* StringHelper.swift in Sources */ = {isa = PBXBuildFile; fileRef = B33FDEFD1ACC62080086B4C2 /* StringHelper.swift */; };
		B33FDF001ACC62080086B4C2 /* Reachability.swift in Sources */ = {isa = PBXBuildFile; fileRef = B33FDEFE1ACC62080086B4C2 /* Reachability.swift */; };
		B33FDF041ACC62220086B4C2 /* Store.swift in Sources */ = {isa = PBXBuildFile; fileRef = B33FDF031ACC62220086B4C2 /* Store.swift */; };
		B375A2571ACC642000B99011 /* CoreLocation.framework in Frameworks */ = {isa = PBXBuildFile; fileRef = B375A2561ACC642000B99011 /* CoreLocation.framework */; };
/* End PBXBuildFile section */

/* Begin PBXContainerItemProxy section */
		B33FDEE11ACC618D0086B4C2 /* PBXContainerItemProxy */ = {
			isa = PBXContainerItemProxy;
			containerPortal = B33FDEC01ACC618D0086B4C2 /* Project object */;
			proxyType = 1;
			remoteGlobalIDString = B33FDEC71ACC618D0086B4C2;
			remoteInfo = Somm;
		};
/* End PBXContainerItemProxy section */

/* Begin PBXFileReference section */
		B33FDEC81ACC618D0086B4C2 /* Somm.app */ = {isa = PBXFileReference; explicitFileType = wrapper.application; includeInIndex = 0; path = Somm.app; sourceTree = BUILT_PRODUCTS_DIR; };
		B33FDECC1ACC618D0086B4C2 /* Info.plist */ = {isa = PBXFileReference; lastKnownFileType = text.plist.xml; path = Info.plist; sourceTree = "<group>"; };
		B33FDECD1ACC618D0086B4C2 /* AppDelegate.swift */ = {isa = PBXFileReference; lastKnownFileType = sourcecode.swift; path = AppDelegate.swift; sourceTree = "<group>"; };
		B33FDED01ACC618D0086B4C2 /* Somm.xcdatamodel */ = {isa = PBXFileReference; lastKnownFileType = wrapper.xcdatamodel; path = Somm.xcdatamodel; sourceTree = "<group>"; };
		B33FDED71ACC618D0086B4C2 /* Images.xcassets */ = {isa = PBXFileReference; lastKnownFileType = folder.assetcatalog; path = Images.xcassets; sourceTree = "<group>"; };
		B33FDEE01ACC618D0086B4C2 /* SommTests.xctest */ = {isa = PBXFileReference; explicitFileType = wrapper.cfbundle; includeInIndex = 0; path = SommTests.xctest; sourceTree = BUILT_PRODUCTS_DIR; };
		B33FDEE51ACC618D0086B4C2 /* Info.plist */ = {isa = PBXFileReference; lastKnownFileType = text.plist.xml; path = Info.plist; sourceTree = "<group>"; };
		B33FDEE61ACC618D0086B4C2 /* SommTests.swift */ = {isa = PBXFileReference; lastKnownFileType = sourcecode.swift; path = SommTests.swift; sourceTree = "<group>"; };
		B33FDEF11ACC61C10086B4C2 /* Base */ = {isa = PBXFileReference; lastKnownFileType = file.storyboard; name = Base; path = ../../../Somm/Somm/Base.lproj/Main.storyboard; sourceTree = "<group>"; };
		B33FDEF31ACC61C10086B4C2 /* Base */ = {isa = PBXFileReference; lastKnownFileType = file.xib; name = Base; path = ../../../Somm/Somm/Base.lproj/LaunchScreen.xib; sourceTree = "<group>"; };
		B33FDEF41ACC61C10086B4C2 /* HomeViewController.swift */ = {isa = PBXFileReference; fileEncoding = 4; lastKnownFileType = sourcecode.swift; name = HomeViewController.swift; path = ../../../Somm/Somm/HomeViewController.swift; sourceTree = "<group>"; };
		B33FDEF51ACC61C10086B4C2 /* LoginViewController.swift */ = {isa = PBXFileReference; fileEncoding = 4; lastKnownFileType = sourcecode.swift; name = LoginViewController.swift; path = ../../../Somm/Somm/LoginViewController.swift; sourceTree = "<group>"; };
		B33FDEF61ACC61C10086B4C2 /* SignupViewController.swift */ = {isa = PBXFileReference; fileEncoding = 4; lastKnownFileType = sourcecode.swift; name = SignupViewController.swift; path = ../../../Somm/Somm/SignupViewController.swift; sourceTree = "<group>"; };
		B33FDEFD1ACC62080086B4C2 /* StringHelper.swift */ = {isa = PBXFileReference; fileEncoding = 4; lastKnownFileType = sourcecode.swift; name = StringHelper.swift; path = ../../../Somm/Somm/StringHelper.swift; sourceTree = "<group>"; };
		B33FDEFE1ACC62080086B4C2 /* Reachability.swift */ = {isa = PBXFileReference; fileEncoding = 4; lastKnownFileType = sourcecode.swift; name = Reachability.swift; path = "../../../../../../Downloads/Reachability.swift-master/Reachability.swift"; sourceTree = "<group>"; };
		B33FDF031ACC62220086B4C2 /* Store.swift */ = {isa = PBXFileReference; fileEncoding = 4; lastKnownFileType = sourcecode.swift; name = Store.swift; path = ../../../Somm/Somm/Store.swift; sourceTree = "<group>"; };
		B375A2561ACC642000B99011 /* CoreLocation.framework */ = {isa = PBXFileReference; lastKnownFileType = wrapper.framework; name = CoreLocation.framework; path = System/Library/Frameworks/CoreLocation.framework; sourceTree = SDKROOT; };
/* End PBXFileReference section */

/* Begin PBXFrameworksBuildPhase section */
		B33FDEC51ACC618D0086B4C2 /* Frameworks */ = {
			isa = PBXFrameworksBuildPhase;
			buildActionMask = 2147483647;
			files = (
				B375A2571ACC642000B99011 /* CoreLocation.framework in Frameworks */,
			);
			runOnlyForDeploymentPostprocessing = 0;
		};
		B33FDEDD1ACC618D0086B4C2 /* Frameworks */ = {
			isa = PBXFrameworksBuildPhase;
			buildActionMask = 2147483647;
			files = (
			);
			runOnlyForDeploymentPostprocessing = 0;
		};
/* End PBXFrameworksBuildPhase section */

/* Begin PBXGroup section */
		B33FDEBF1ACC618D0086B4C2 = {
			isa = PBXGroup;
			children = (
				B375A2561ACC642000B99011 /* CoreLocation.framework */,
				B33FDECA1ACC618D0086B4C2 /* Somm */,
				B33FDEE31ACC618D0086B4C2 /* SommTests */,
				B33FDEC91ACC618D0086B4C2 /* Products */,
			);
			sourceTree = "<group>";
		};
		B33FDEC91ACC618D0086B4C2 /* Products */ = {
			isa = PBXGroup;
			children = (
				B33FDEC81ACC618D0086B4C2 /* Somm.app */,
				B33FDEE01ACC618D0086B4C2 /* SommTests.xctest */,
			);
			name = Products;
			sourceTree = "<group>";
		};
		B33FDECA1ACC618D0086B4C2 /* Somm */ = {
			isa = PBXGroup;
			children = (
				B33FDECD1ACC618D0086B4C2 /* AppDelegate.swift */,
				B33FDEFC1ACC61F90086B4C2 /* View Controllers */,
				B33FDF021ACC621C0086B4C2 /* Model */,
				B33FDF011ACC620D0086B4C2 /* Helper Files */,
				B33FDED71ACC618D0086B4C2 /* Images.xcassets */,
				B33FDECF1ACC618D0086B4C2 /* Somm.xcdatamodeld */,
				B33FDECB1ACC618D0086B4C2 /* Supporting Files */,
			);
			path = Somm;
			sourceTree = "<group>";
		};
		B33FDECB1ACC618D0086B4C2 /* Supporting Files */ = {
			isa = PBXGroup;
			children = (
				B33FDECC1ACC618D0086B4C2 /* Info.plist */,
			);
			name = "Supporting Files";
			sourceTree = "<group>";
		};
		B33FDEE31ACC618D0086B4C2 /* SommTests */ = {
			isa = PBXGroup;
			children = (
				B33FDEE61ACC618D0086B4C2 /* SommTests.swift */,
				B33FDEE41ACC618D0086B4C2 /* Supporting Files */,
			);
			path = SommTests;
			sourceTree = "<group>";
		};
		B33FDEE41ACC618D0086B4C2 /* Supporting Files */ = {
			isa = PBXGroup;
			children = (
				B33FDEE51ACC618D0086B4C2 /* Info.plist */,
			);
			name = "Supporting Files";
			sourceTree = "<group>";
		};
		B33FDEFC1ACC61F90086B4C2 /* View Controllers */ = {
			isa = PBXGroup;
			children = (
				B33FDEF01ACC61C10086B4C2 /* Main.storyboard */,
				B33FDEF21ACC61C10086B4C2 /* LaunchScreen.xib */,
				B33FDEF41ACC61C10086B4C2 /* HomeViewController.swift */,
				B33FDEF51ACC61C10086B4C2 /* LoginViewController.swift */,
				B33FDEF61ACC61C10086B4C2 /* SignupViewController.swift */,
			);
			name = "View Controllers";
			sourceTree = "<group>";
		};
		B33FDF011ACC620D0086B4C2 /* Helper Files */ = {
			isa = PBXGroup;
			children = (
				B33FDEFD1ACC62080086B4C2 /* StringHelper.swift */,
				B33FDEFE1ACC62080086B4C2 /* Reachability.swift */,
			);
			name = "Helper Files";
			sourceTree = "<group>";
		};
		B33FDF021ACC621C0086B4C2 /* Model */ = {
			isa = PBXGroup;
			children = (
				B33FDF031ACC62220086B4C2 /* Store.swift */,
			);
			name = Model;
			sourceTree = "<group>";
		};
/* End PBXGroup section */

/* Begin PBXNativeTarget section */
		B33FDEC71ACC618D0086B4C2 /* Somm */ = {
			isa = PBXNativeTarget;
			buildConfigurationList = B33FDEEA1ACC618D0086B4C2 /* Build configuration list for PBXNativeTarget "Somm" */;
			buildPhases = (
				B33FDEC41ACC618D0086B4C2 /* Sources */,
				B33FDEC51ACC618D0086B4C2 /* Frameworks */,
				B33FDEC61ACC618D0086B4C2 /* Resources */,
			);
			buildRules = (
			);
			dependencies = (
			);
			name = Somm;
			productName = Somm;
			productReference = B33FDEC81ACC618D0086B4C2 /* Somm.app */;
			productType = "com.apple.product-type.application";
		};
		B33FDEDF1ACC618D0086B4C2 /* SommTests */ = {
			isa = PBXNativeTarget;
			buildConfigurationList = B33FDEED1ACC618D0086B4C2 /* Build configuration list for PBXNativeTarget "SommTests" */;
			buildPhases = (
				B33FDEDC1ACC618D0086B4C2 /* Sources */,
				B33FDEDD1ACC618D0086B4C2 /* Frameworks */,
				B33FDEDE1ACC618D0086B4C2 /* Resources */,
			);
			buildRules = (
			);
			dependencies = (
				B33FDEE21ACC618D0086B4C2 /* PBXTargetDependency */,
			);
			name = SommTests;
			productName = SommTests;
			productReference = B33FDEE01ACC618D0086B4C2 /* SommTests.xctest */;
			productType = "com.apple.product-type.bundle.unit-test";
		};
/* End PBXNativeTarget section */

/* Begin PBXProject section */
		B33FDEC01ACC618D0086B4C2 /* Project object */ = {
			isa = PBXProject;
			attributes = {
				LastUpgradeCheck = 0610;
				ORGANIZATIONNAME = Somm;
				TargetAttributes = {
					B33FDEC71ACC618D0086B4C2 = {
						CreatedOnToolsVersion = 6.1.1;
					};
					B33FDEDF1ACC618D0086B4C2 = {
						CreatedOnToolsVersion = 6.1.1;
						TestTargetID = B33FDEC71ACC618D0086B4C2;
					};
				};
			};
			buildConfigurationList = B33FDEC31ACC618D0086B4C2 /* Build configuration list for PBXProject "Somm" */;
			compatibilityVersion = "Xcode 3.2";
			developmentRegion = English;
			hasScannedForEncodings = 0;
			knownRegions = (
				en,
				Base,
			);
			mainGroup = B33FDEBF1ACC618D0086B4C2;
			productRefGroup = B33FDEC91ACC618D0086B4C2 /* Products */;
			projectDirPath = "";
			projectRoot = "";
			targets = (
				B33FDEC71ACC618D0086B4C2 /* Somm */,
				B33FDEDF1ACC618D0086B4C2 /* SommTests */,
			);
		};
/* End PBXProject section */

/* Begin PBXResourcesBuildPhase section */
		B33FDEC61ACC618D0086B4C2 /* Resources */ = {
			isa = PBXResourcesBuildPhase;
			buildActionMask = 2147483647;
			files = (
				B33FDED81ACC618D0086B4C2 /* Images.xcassets in Resources */,
				B33FDEF81ACC61C10086B4C2 /* LaunchScreen.xib in Resources */,
				B33FDEF71ACC61C10086B4C2 /* Main.storyboard in Resources */,
			);
			runOnlyForDeploymentPostprocessing = 0;
		};
		B33FDEDE1ACC618D0086B4C2 /* Resources */ = {
			isa = PBXResourcesBuildPhase;
			buildActionMask = 2147483647;
			files = (
			);
			runOnlyForDeploymentPostprocessing = 0;
		};
/* End PBXResourcesBuildPhase section */

/* Begin PBXSourcesBuildPhase section */
		B33FDEC41ACC618D0086B4C2 /* Sources */ = {
			isa = PBXSourcesBuildPhase;
			buildActionMask = 2147483647;
			files = (
				B33FDF001ACC62080086B4C2 /* Reachability.swift in Sources */,
				B33FDEFF1ACC62080086B4C2 /* StringHelper.swift in Sources */,
				B33FDEFB1ACC61C10086B4C2 /* SignupViewController.swift in Sources */,
				B33FDF041ACC62220086B4C2 /* Store.swift in Sources */,
				B33FDECE1ACC618D0086B4C2 /* AppDelegate.swift in Sources */,
				B33FDED11ACC618D0086B4C2 /* Somm.xcdatamodeld in Sources */,
				B33FDEFA1ACC61C10086B4C2 /* LoginViewController.swift in Sources */,
				B33FDEF91ACC61C10086B4C2 /* HomeViewController.swift in Sources */,
			);
			runOnlyForDeploymentPostprocessing = 0;
		};
		B33FDEDC1ACC618D0086B4C2 /* Sources */ = {
			isa = PBXSourcesBuildPhase;
			buildActionMask = 2147483647;
			files = (
				B33FDEE71ACC618D0086B4C2 /* SommTests.swift in Sources */,
			);
			runOnlyForDeploymentPostprocessing = 0;
		};
/* End PBXSourcesBuildPhase section */

/* Begin PBXTargetDependency section */
		B33FDEE21ACC618D0086B4C2 /* PBXTargetDependency */ = {
			isa = PBXTargetDependency;
			target = B33FDEC71ACC618D0086B4C2 /* Somm */;
			targetProxy = B33FDEE11ACC618D0086B4C2 /* PBXContainerItemProxy */;
		};
/* End PBXTargetDependency section */

/* Begin PBXVariantGroup section */
		B33FDEF01ACC61C10086B4C2 /* Main.storyboard */ = {
			isa = PBXVariantGroup;
			children = (
				B33FDEF11ACC61C10086B4C2 /* Base */,
			);
			name = Main.storyboard;
			sourceTree = "<group>";
		};
		B33FDEF21ACC61C10086B4C2 /* LaunchScreen.xib */ = {
			isa = PBXVariantGroup;
			children = (
				B33FDEF31ACC61C10086B4C2 /* Base */,
			);
			name = LaunchScreen.xib;
			sourceTree = "<group>";
		};
/* End PBXVariantGroup section */

/* Begin XCBuildConfiguration section */
		B33FDEE81ACC618D0086B4C2 /* Debug */ = {
			isa = XCBuildConfiguration;
			buildSettings = {
				ALWAYS_SEARCH_USER_PATHS = NO;
				CLANG_CXX_LANGUAGE_STANDARD = "gnu++0x";
				CLANG_CXX_LIBRARY = "libc++";
				CLANG_ENABLE_MODULES = YES;
				CLANG_ENABLE_OBJC_ARC = YES;
				CLANG_WARN_BOOL_CONVERSION = YES;
				CLANG_WARN_CONSTANT_CONVERSION = YES;
				CLANG_WARN_DIRECT_OBJC_ISA_USAGE = YES_ERROR;
				CLANG_WARN_EMPTY_BODY = YES;
				CLANG_WARN_ENUM_CONVERSION = YES;
				CLANG_WARN_INT_CONVERSION = YES;
				CLANG_WARN_OBJC_ROOT_CLASS = YES_ERROR;
				CLANG_WARN_UNREACHABLE_CODE = YES;
				CLANG_WARN__DUPLICATE_METHOD_MATCH = YES;
				"CODE_SIGN_IDENTITY[sdk=iphoneos*]" = "iPhone Developer";
				COPY_PHASE_STRIP = NO;
				ENABLE_STRICT_OBJC_MSGSEND = YES;
				GCC_C_LANGUAGE_STANDARD = gnu99;
				GCC_DYNAMIC_NO_PIC = NO;
				GCC_OPTIMIZATION_LEVEL = 0;
				GCC_PREPROCESSOR_DEFINITIONS = (
					"DEBUG=1",
					"$(inherited)",
				);
				GCC_SYMBOLS_PRIVATE_EXTERN = NO;
				GCC_WARN_64_TO_32_BIT_CONVERSION = YES;
				GCC_WARN_ABOUT_RETURN_TYPE = YES_ERROR;
				GCC_WARN_UNDECLARED_SELECTOR = YES;
				GCC_WARN_UNINITIALIZED_AUTOS = YES_AGGRESSIVE;
				GCC_WARN_UNUSED_FUNCTION = YES;
				GCC_WARN_UNUSED_VARIABLE = YES;
				IPHONEOS_DEPLOYMENT_TARGET = 8.1;
				MTL_ENABLE_DEBUG_INFO = YES;
				ONLY_ACTIVE_ARCH = YES;
				SDKROOT = iphoneos;
				SWIFT_OPTIMIZATION_LEVEL = "-Onone";
			};
			name = Debug;
		};
		B33FDEE91ACC618D0086B4C2 /* Release */ = {
			isa = XCBuildConfiguration;
			buildSettings = {
				ALWAYS_SEARCH_USER_PATHS = NO;
				CLANG_CXX_LANGUAGE_STANDARD = "gnu++0x";
				CLANG_CXX_LIBRARY = "libc++";
				CLANG_ENABLE_MODULES = YES;
				CLANG_ENABLE_OBJC_ARC = YES;
				CLANG_WARN_BOOL_CONVERSION = YES;
				CLANG_WARN_CONSTANT_CONVERSION = YES;
				CLANG_WARN_DIRECT_OBJC_ISA_USAGE = YES_ERROR;
				CLANG_WARN_EMPTY_BODY = YES;
				CLANG_WARN_ENUM_CONVERSION = YES;
				CLANG_WARN_INT_CONVERSION = YES;
				CLANG_WARN_OBJC_ROOT_CLASS = YES_ERROR;
				CLANG_WARN_UNREACHABLE_CODE = YES;
				CLANG_WARN__DUPLICATE_METHOD_MATCH = YES;
				"CODE_SIGN_IDENTITY[sdk=iphoneos*]" = "iPhone Developer";
				COPY_PHASE_STRIP = YES;
				ENABLE_NS_ASSERTIONS = NO;
				ENABLE_STRICT_OBJC_MSGSEND = YES;
				GCC_C_LANGUAGE_STANDARD = gnu99;
				GCC_WARN_64_TO_32_BIT_CONVERSION = YES;
				GCC_WARN_ABOUT_RETURN_TYPE = YES_ERROR;
				GCC_WARN_UNDECLARED_SELECTOR = YES;
				GCC_WARN_UNINITIALIZED_AUTOS = YES_AGGRESSIVE;
				GCC_WARN_UNUSED_FUNCTION = YES;
				GCC_WARN_UNUSED_VARIABLE = YES;
				IPHONEOS_DEPLOYMENT_TARGET = 8.1;
				MTL_ENABLE_DEBUG_INFO = NO;
				SDKROOT = iphoneos;
				VALIDATE_PRODUCT = YES;
			};
			name = Release;
		};
		B33FDEEB1ACC618D0086B4C2 /* Debug */ = {
			isa = XCBuildConfiguration;
			buildSettings = {
				ASSETCATALOG_COMPILER_APPICON_NAME = AppIcon;
				INFOPLIST_FILE = Somm/Info.plist;
				LD_RUNPATH_SEARCH_PATHS = "$(inherited) @executable_path/Frameworks";
				PRODUCT_NAME = "$(TARGET_NAME)";
			};
			name = Debug;
		};
		B33FDEEC1ACC618D0086B4C2 /* Release */ = {
			isa = XCBuildConfiguration;
			buildSettings = {
				ASSETCATALOG_COMPILER_APPICON_NAME = AppIcon;
				INFOPLIST_FILE = Somm/Info.plist;
				LD_RUNPATH_SEARCH_PATHS = "$(inherited) @executable_path/Frameworks";
				PRODUCT_NAME = "$(TARGET_NAME)";
			};
			name = Release;
		};
		B33FDEEE1ACC618D0086B4C2 /* Debug */ = {
			isa = XCBuildConfiguration;
			buildSettings = {
				BUNDLE_LOADER = "$(TEST_HOST)";
				FRAMEWORK_SEARCH_PATHS = (
					"$(SDKROOT)/Developer/Library/Frameworks",
					"$(inherited)",
				);
				GCC_PREPROCESSOR_DEFINITIONS = (
					"DEBUG=1",
					"$(inherited)",
				);
				INFOPLIST_FILE = SommTests/Info.plist;
				LD_RUNPATH_SEARCH_PATHS = "$(inherited) @executable_path/Frameworks @loader_path/Frameworks";
				PRODUCT_NAME = "$(TARGET_NAME)";
				TEST_HOST = "$(BUILT_PRODUCTS_DIR)/Somm.app/Somm";
			};
			name = Debug;
		};
		B33FDEEF1ACC618D0086B4C2 /* Release */ = {
			isa = XCBuildConfiguration;
			buildSettings = {
				BUNDLE_LOADER = "$(TEST_HOST)";
				FRAMEWORK_SEARCH_PATHS = (
					"$(SDKROOT)/Developer/Library/Frameworks",
					"$(inherited)",
				);
				INFOPLIST_FILE = SommTests/Info.plist;
				LD_RUNPATH_SEARCH_PATHS = "$(inherited) @executable_path/Frameworks @loader_path/Frameworks";
				PRODUCT_NAME = "$(TARGET_NAME)";
				TEST_HOST = "$(BUILT_PRODUCTS_DIR)/Somm.app/Somm";
			};
			name = Release;
		};
/* End XCBuildConfiguration section */

/* Begin XCConfigurationList section */
		B33FDEC31ACC618D0086B4C2 /* Build configuration list for PBXProject "Somm" */ = {
			isa = XCConfigurationList;
			buildConfigurations = (
				B33FDEE81ACC618D0086B4C2 /* Debug */,
				B33FDEE91ACC618D0086B4C2 /* Release */,
			);
			defaultConfigurationIsVisible = 0;
			defaultConfigurationName = Release;
		};
		B33FDEEA1ACC618D0086B4C2 /* Build configuration list for PBXNativeTarget "Somm" */ = {
			isa = XCConfigurationList;
			buildConfigurations = (
				B33FDEEB1ACC618D0086B4C2 /* Debug */,
				B33FDEEC1ACC618D0086B4C2 /* Release */,
			);
			defaultConfigurationIsVisible = 0;
			defaultConfigurationName = Release;
		};
		B33FDEED1ACC618D0086B4C2 /* Build configuration list for PBXNativeTarget "SommTests" */ = {
			isa = XCConfigurationList;
			buildConfigurations = (
				B33FDEEE1ACC618D0086B4C2 /* Debug */,
				B33FDEEF1ACC618D0086B4C2 /* Release */,
			);
			defaultConfigurationIsVisible = 0;
			defaultConfigurationName = Release;
		};
/* End XCConfigurationList section */

/* Begin XCVersionGroup section */
		B33FDECF1ACC618D0086B4C2 /* Somm.xcdatamodeld */ = {
			isa = XCVersionGroup;
			children = (
				B33FDED01ACC618D0086B4C2 /* Somm.xcdatamodel */,
			);
			currentVersion = B33FDED01ACC618D0086B4C2 /* Somm.xcdatamodel */;
			path = Somm.xcdatamodeld;
			sourceTree = "<group>";
			versionGroupType = wrapper.xcdatamodel;
		};
/* End XCVersionGroup section */
	};
	rootObject = B33FDEC01ACC618D0086B4C2 /* Project object */;
}
